
Microsoft Visual Studio Solution File, Format Version 12.00
# Visual Studio Version 17
VisualStudioVersion = 17.2.32526.322
MinimumVisualStudioVersion = 10.0.40219.1
Project("{9A19103F-16F7-4668-BE54-9A1E7A4F7556}") = "Precision.API.Model", "Precision.API.Model\Precision.API.Model.csproj", "{08D2B9D7-2091-43C5-AEC3-314E2ED42AB0}"
EndProject
Project("{9A19103F-16F7-4668-BE54-9A1E7A4F7556}") = "Precision.API.BAL", "Precision.API.BAL\Precision.API.BAL.csproj", "{6A908ECF-B5C9-405E-932F-9731E7A3A06D}"
EndProject
Project("{9A19103F-16F7-4668-BE54-9A1E7A4F7556}") = "Precision.API", "Precision.API\Precision.API.csproj", "{F9B00275-5FC9-4F4F-A44D-D2ADC32EB276}"
EndProject
Global
	GlobalSection(SolutionConfigurationPlatforms) = preSolution
		Debug|Any CPU = Debug|Any CPU
		Release|Any CPU = Release|Any CPU
	EndGlobalSection
	GlobalSection(ProjectConfigurationPlatforms) = postSolution
		{08D2B9D7-2091-43C5-AEC3-314E2ED42AB0}.Debug|Any CPU.ActiveCfg = Debug|Any CPU
		{08D2B9D7-2091-43C5-AEC3-314E2ED42AB0}.Debug|Any CPU.Build.0 = Debug|Any CPU
		{08D2B9D7-2091-43C5-AEC3-314E2ED42AB0}.Release|Any CPU.ActiveCfg = Release|Any CPU
		{08D2B9D7-2091-43C5-AEC3-314E2ED42AB0}.Release|Any CPU.Build.0 = Release|Any CPU
		{6A908ECF-B5C9-405E-932F-9731E7A3A06D}.Debug|Any CPU.ActiveCfg = Debug|Any CPU
		{6A908ECF-B5C9-405E-932F-9731E7A3A06D}.Debug|Any CPU.Build.0 = Debug|Any CPU
		{6A908ECF-B5C9-405E-932F-9731E7A3A06D}.Release|Any CPU.ActiveCfg = Release|Any CPU
		{6A908ECF-B5C9-405E-932F-9731E7A3A06D}.Release|Any CPU.Build.0 = Release|Any CPU
		{F9B00275-5FC9-4F4F-A44D-D2ADC32EB276}.Debug|Any CPU.ActiveCfg = Debug|Any CPU
		{F9B00275-5FC9-4F4F-A44D-D2ADC32EB276}.Debug|Any CPU.Build.0 = Debug|Any CPU
		{F9B00275-5FC9-4F4F-A44D-D2ADC32EB276}.Release|Any CPU.ActiveCfg = Release|Any CPU
		{F9B00275-5FC9-4F4F-A44D-D2ADC32EB276}.Release|Any CPU.Build.0 = Release|Any CPU
	EndGlobalSection
	GlobalSection(SolutionProperties) = preSolution
		HideSolutionNode = FALSE
	EndGlobalSection
	GlobalSection(ExtensibilityGlobals) = postSolution
		SolutionGuid = {25163302-9E2B-4D6F-90EA-4269D36B04F7}
	EndGlobalSection
EndGlobal
